{
  "name": "projectPAC",
  "lockfileVersion": 3,
  "requires": true,
  "packages": {
    "": {
      "dependencies": {
        "@fortawesome/fontawesome-svg-core": "^7.1.0",
        "@fortawesome/free-solid-svg-icons": "^7.1.0",
        "@fortawesome/react-fontawesome": "^3.1.1"
      }
    },
    "node_modules/@fortawesome/fontawesome-common-types": {
      "version": "7.1.0",
      "resolved": "https://registry.npmjs.org/@fortawesome/fontawesome-common-types/-/fontawesome-common-types-7.1.0.tgz",
      "integrity": "sha512-l/BQM7fYntsCI//du+6sEnHOP6a74UixFyOYUyz2DLMXKx+6DEhfR3F2NYGE45XH1JJuIamacb4IZs9S0ZOWLA==",
      "engines": {
        "node": ">=6"
      }
    },
    "node_modules/@fortawesome/fontawesome-svg-core": {
      "version": "7.1.0",
      "resolved": "https://registry.npmjs.org/@fortawesome/fontawesome-svg-core/-/fontawesome-svg-core-7.1.0.tgz",
      "integrity": "sha512-fNxRUk1KhjSbnbuBxlWSnBLKLBNun52ZBTcs22H/xEEzM6Ap81ZFTQ4bZBxVQGQgVY0xugKGoRcCbaKjLQ3XZA==",
      "dependencies": {
        "@fortawesome/fontawesome-common-types": "7.1.0"
      },
      "engines": {
        "node": ">=6"
      }
    },
    "node_modules/@fortawesome/free-solid-svg-icons": {
      "version": "7.1.0",
      "resolved": "https://registry.npmjs.org/@fortawesome/free-solid-svg-icons/-/free-solid-svg-icons-7.1.0.tgz",
      "integrity": "sha512-Udu3K7SzAo9N013qt7qmm22/wo2hADdheXtBfxFTecp+ogsc0caQNRKEb7pkvvagUGOpG9wJC1ViH6WXs8oXIA==",
      "dependencies": {
        "@fortawesome/fontawesome-common-types": "7.1.0"
      },
      "engines": {
        "node": ">=6"
      }
    },
    "node_modules/@fortawesome/react-fontawesome": {
      "version": "3.1.1",
      "resolved": "https://registry.npmjs.org/@fortawesome/react-fontawesome/-/react-fontawesome-3.1.1.tgz",
      "integrity": "sha512-EDllr9hpodc21odmUywHS1alXNiCd4E8sp5GJ5s7wYINz8vSmMiNWpALTiuYODb865YyQ/NlyiN4mbXp7HCNqg==",
      "engines": {
        "node": ">=20"
      },
      "peerDependencies": {
        "@fortawesome/fontawesome-svg-core": "~6 || ~7",
        "react": "^18.0.0 || ^19.0.0"
      }
    },
    "node_modules/react": {
      "version": "19.2.0",
      "resolved": "https://registry.npmjs.org/react/-/react-19.2.0.tgz",
      "integrity": "sha512-tmbWg6W31tQLeB5cdIBOicJDJRR2KzXsV7uSK9iNfLWQ5bIZfxuPEHp7M8wiHyHnn0DD1i7w3Zmin0FtkrwoCQ==",
      "peer": true,
      "engines": {
        "node": ">=0.10.0"
      }
    }
  }
}
